
Microsoft Visual Studio Solution File, Format Version 12.00
# Visual Studio Version 17
VisualStudioVersion = 17.11.35312.102
MinimumVisualStudioVersion = 10.0.40219.1
Project("{FAE04EC0-301F-11D3-BF4B-00C04F79EFBC}") = "Skrip_OrderUp", "PlateUp_CustomerInfo\Skrip_OrderUp.csproj", "{296D2D3A-EB76-47BE-A1FB-75AB13CC62E3}"
EndProject
Global
	GlobalSection(SolutionConfigurationPlatforms) = preSolution
		Debug|Any CPU = Debug|Any CPU
		Release|Any CPU = Release|Any CPU
	EndGlobalSection
	GlobalSection(ProjectConfigurationPlatforms) = postSolution
		{296D2D3A-EB76-47BE-A1FB-75AB13CC62E3}.Debug|Any CPU.ActiveCfg = Debug|Any CPU
		{296D2D3A-EB76-47BE-A1FB-75AB13CC62E3}.Debug|Any CPU.Build.0 = Debug|Any CPU
		{296D2D3A-EB76-47BE-A1FB-75AB13CC62E3}.Release|Any CPU.ActiveCfg = Release|Any CPU
		{296D2D3A-EB76-47BE-A1FB-75AB13CC62E3}.Release|Any CPU.Build.0 = Release|Any CPU
	EndGlobalSection
	GlobalSection(SolutionProperties) = preSolution
		HideSolutionNode = FALSE
	EndGlobalSection
	GlobalSection(ExtensibilityGlobals) = postSolution
		SolutionGuid = {5A07FC5D-F459-4363-B65F-19080D6A0BE2}
	EndGlobalSection
EndGlobal
